
Microsoft Visual Studio Solution File, Format Version 12.00
# Visual Studio Version 16
VisualStudioVersion = 16.0.29409.12
MinimumVisualStudioVersion = 10.0.40219.1
Project("{8BC9CEB8-8B4A-11D0-8D11-00A0C91BC942}") = "p05", "p05\p05.vcxproj", "{38EC13A8-C18B-4742-B963-FAF5A9385876}"
EndProject
Global
	GlobalSection(SolutionConfigurationPlatforms) = preSolution
		Debug|x64 = Debug|x64
		Debug|x86 = Debug|x86
		Release|x64 = Release|x64
		Release|x86 = Release|x86
	EndGlobalSection
	GlobalSection(ProjectConfigurationPlatforms) = postSolution
		{38EC13A8-C18B-4742-B963-FAF5A9385876}.Debug|x64.ActiveCfg = Debug|x64
		{38EC13A8-C18B-4742-B963-FAF5A9385876}.Debug|x64.Build.0 = Debug|x64
		{38EC13A8-C18B-4742-B963-FAF5A9385876}.Debug|x86.ActiveCfg = Debug|Win32
		{38EC13A8-C18B-4742-B963-FAF5A9385876}.Debug|x86.Build.0 = Debug|Win32
		{38EC13A8-C18B-4742-B963-FAF5A9385876}.Release|x64.ActiveCfg = Release|x64
		{38EC13A8-C18B-4742-B963-FAF5A9385876}.Release|x64.Build.0 = Release|x64
		{38EC13A8-C18B-4742-B963-FAF5A9385876}.Release|x86.ActiveCfg = Release|Win32
		{38EC13A8-C18B-4742-B963-FAF5A9385876}.Release|x86.Build.0 = Release|Win32
	EndGlobalSection
	GlobalSection(SolutionProperties) = preSolution
		HideSolutionNode = FALSE
	EndGlobalSection
	GlobalSection(ExtensibilityGlobals) = postSolution
		SolutionGuid = {7427110C-BD6D-472D-AB3C-30C65812630C}
	EndGlobalSection
EndGlobal
